
Microsoft Visual Studio Solution File, Format Version 12.00
# Visual Studio Version 17
VisualStudioVersion = 17.5.33424.131
MinimumVisualStudioVersion = 10.0.40219.1
Project("{FAE04EC0-301F-11D3-BF4B-00C04F79EFBC}") = "Lesson 2", "Lesson 2.csproj", "{BEB00AFF-4E4C-4F30-8920-B09FAABD052A}"
EndProject
Global
	GlobalSection(SolutionConfigurationPlatforms) = preSolution
		Debug|Any CPU = Debug|Any CPU
		Release|Any CPU = Release|Any CPU
	EndGlobalSection
	GlobalSection(ProjectConfigurationPlatforms) = postSolution
		{BEB00AFF-4E4C-4F30-8920-B09FAABD052A}.Debug|Any CPU.ActiveCfg = Debug|Any CPU
		{BEB00AFF-4E4C-4F30-8920-B09FAABD052A}.Debug|Any CPU.Build.0 = Debug|Any CPU
		{BEB00AFF-4E4C-4F30-8920-B09FAABD052A}.Release|Any CPU.ActiveCfg = Release|Any CPU
		{BEB00AFF-4E4C-4F30-8920-B09FAABD052A}.Release|Any CPU.Build.0 = Release|Any CPU
	EndGlobalSection
	GlobalSection(SolutionProperties) = preSolution
		HideSolutionNode = FALSE
	EndGlobalSection
	GlobalSection(ExtensibilityGlobals) = postSolution
		SolutionGuid = {8EE15363-A1A9-4BF3-BBCD-D523631F4746}
	EndGlobalSection
EndGlobal
